
Microsoft Visual Studio Solution File, Format Version 12.00
# Visual Studio 15
VisualStudioVersion = 15.0.27703.2035
MinimumVisualStudioVersion = 10.0.40219.1
Project("{FAE04EC0-301F-11D3-BF4B-00C04F79EFBC}") = "WSIO.Example", "WSIO.Example\WSIO.Example.csproj", "{E0D81867-8EA1-450A-B82E-58815F2290EC}"
EndProject
Project("{FAE04EC0-301F-11D3-BF4B-00C04F79EFBC}") = "WSIO", "WSIO\WSIO.csproj", "{946105F3-64FC-4E91-9730-9516C188136E}"
EndProject
Global
	GlobalSection(SolutionConfigurationPlatforms) = preSolution
		Debug|Any CPU = Debug|Any CPU
		Release|Any CPU = Release|Any CPU
	EndGlobalSection
	GlobalSection(ProjectConfigurationPlatforms) = postSolution
		{E0D81867-8EA1-450A-B82E-58815F2290EC}.Debug|Any CPU.ActiveCfg = Debug|Any CPU
		{E0D81867-8EA1-450A-B82E-58815F2290EC}.Debug|Any CPU.Build.0 = Debug|Any CPU
		{E0D81867-8EA1-450A-B82E-58815F2290EC}.Release|Any CPU.ActiveCfg = Release|Any CPU
		{E0D81867-8EA1-450A-B82E-58815F2290EC}.Release|Any CPU.Build.0 = Release|Any CPU
		{946105F3-64FC-4E91-9730-9516C188136E}.Debug|Any CPU.ActiveCfg = Debug|Any CPU
		{946105F3-64FC-4E91-9730-9516C188136E}.Debug|Any CPU.Build.0 = Debug|Any CPU
		{946105F3-64FC-4E91-9730-9516C188136E}.Release|Any CPU.ActiveCfg = Release|Any CPU
		{946105F3-64FC-4E91-9730-9516C188136E}.Release|Any CPU.Build.0 = Release|Any CPU
	EndGlobalSection
	GlobalSection(SolutionProperties) = preSolution
		HideSolutionNode = FALSE
	EndGlobalSection
	GlobalSection(ExtensibilityGlobals) = postSolution
		SolutionGuid = {17EE5B28-4476-45AF-BF84-B4E43D00ABE5}
	EndGlobalSection
EndGlobal
